
Microsoft Visual Studio Solution File, Format Version 12.00
# Visual Studio 15
Project("{FAE04EC0-301F-11D3-BF4B-00C04F79EFBC}") = "Assembly-CSharp", "Assembly-CSharp.csproj", "{6DB15B5D-E066-D781-31B3-C55178BD2BA3}"
EndProject
Project("{FAE04EC0-301F-11D3-BF4B-00C04F79EFBC}") = "Assembly-CSharp-Editor", "Assembly-CSharp-Editor.csproj", "{9927CE62-4642-95A7-D476-2034A3186087}"
EndProject
Global
	GlobalSection(SolutionConfigurationPlatforms) = preSolution
		Debug|Any CPU = Debug|Any CPU
		Release|Any CPU = Release|Any CPU
	EndGlobalSection
	GlobalSection(ProjectConfigurationPlatforms) = postSolution
		{6DB15B5D-E066-D781-31B3-C55178BD2BA3}.Debug|Any CPU.ActiveCfg = Debug|Any CPU
		{6DB15B5D-E066-D781-31B3-C55178BD2BA3}.Debug|Any CPU.Build.0 = Debug|Any CPU
		{6DB15B5D-E066-D781-31B3-C55178BD2BA3}.Release|Any CPU.ActiveCfg = Release|Any CPU
		{6DB15B5D-E066-D781-31B3-C55178BD2BA3}.Release|Any CPU.Build.0 = Release|Any CPU
		{9927CE62-4642-95A7-D476-2034A3186087}.Debug|Any CPU.ActiveCfg = Debug|Any CPU
		{9927CE62-4642-95A7-D476-2034A3186087}.Debug|Any CPU.Build.0 = Debug|Any CPU
		{9927CE62-4642-95A7-D476-2034A3186087}.Release|Any CPU.ActiveCfg = Release|Any CPU
		{9927CE62-4642-95A7-D476-2034A3186087}.Release|Any CPU.Build.0 = Release|Any CPU
	EndGlobalSection
	GlobalSection(SolutionProperties) = preSolution
		HideSolutionNode = FALSE
	EndGlobalSection
EndGlobal
